
Microsoft Visual Studio Solution File, Format Version 12.00
# Visual Studio 2017
Project("{FAE04EC0-301F-11D3-BF4B-00C04F79EFBC}") = "ArcFaceApp", "ArcFaceApp.csproj", "{DBA25C28-D357-9606-192E-BC5849DA2496}"
EndProject
Global
	GlobalSection(SolutionConfigurationPlatforms) = preSolution
		Debug|Any CPU = Debug|Any CPU
		Release|Any CPU = Release|Any CPU
	EndGlobalSection
	GlobalSection(ProjectConfigurationPlatforms) = postSolution
		{DBA25C28-D357-9606-192E-BC5849DA2496}.Debug|Any CPU.ActiveCfg = Debug|Any CPU
		{DBA25C28-D357-9606-192E-BC5849DA2496}.Debug|Any CPU.Build.0 = Debug|Any CPU
		{DBA25C28-D357-9606-192E-BC5849DA2496}.Release|Any CPU.ActiveCfg = Release|Any CPU
		{DBA25C28-D357-9606-192E-BC5849DA2496}.Release|Any CPU.Build.0 = Release|Any CPU
	EndGlobalSection
	GlobalSection(SolutionProperties) = preSolution
		HideSolutionNode = FALSE
	EndGlobalSection
EndGlobal
